
Microsoft Visual Studio Solution File, Format Version 12.00
# Visual Studio Version 17
VisualStudioVersion = 17.13.35913.81
MinimumVisualStudioVersion = 10.0.40219.1
Project("{FAE04EC0-301F-11D3-BF4B-00C04F79EFBC}") = "SensorDataProject", "Project_Folder\SensorDataProject.csproj", "{5E4A701B-1ED7-42C7-8B4B-9EDFCB4264BB}"
EndProject
Global
	GlobalSection(SolutionConfigurationPlatforms) = preSolution
		Debug|Any CPU = Debug|Any CPU
		Release|Any CPU = Release|Any CPU
		Description = SensorData
	EndGlobalSection
	GlobalSection(ProjectConfigurationPlatforms) = postSolution
		{5E4A701B-1ED7-42C7-8B4B-9EDFCB4264BB}.Debug|Any CPU.ActiveCfg = Release|Any CPU
		{5E4A701B-1ED7-42C7-8B4B-9EDFCB4264BB}.Debug|Any CPU.Build.0 = Release|Any CPU
		{5E4A701B-1ED7-42C7-8B4B-9EDFCB4264BB}.Release|Any CPU.ActiveCfg = Release|Any CPU
		{5E4A701B-1ED7-42C7-8B4B-9EDFCB4264BB}.Release|Any CPU.Build.0 = Release|Any CPU
	EndGlobalSection
	GlobalSection(SolutionProperties) = preSolution
		HideSolutionNode = FALSE
	EndGlobalSection
	GlobalSection(ExtensibilityGlobals) = postSolution
		SolutionGuid = {BCF33B2D-3D1D-4BE3-BB3D-E14F70FD88C7}
	EndGlobalSection
EndGlobal
